
Microsoft Visual Studio Solution File, Format Version 12.00
# Visual Studio Version 17
VisualStudioVersion = 17.5.002.0
MinimumVisualStudioVersion = 10.0.40219.1
Project("{9A19103F-16F7-4668-BE54-9A1E7A4F7556}") = "TP04", "TP04.csproj", "{D2FCD1EF-569C-44B9-9BF6-5C01E5F61435}"
EndProject
Global
	GlobalSection(SolutionConfigurationPlatforms) = preSolution
		Debug|Any CPU = Debug|Any CPU
		Release|Any CPU = Release|Any CPU
	EndGlobalSection
	GlobalSection(ProjectConfigurationPlatforms) = postSolution
		{D2FCD1EF-569C-44B9-9BF6-5C01E5F61435}.Debug|Any CPU.ActiveCfg = Debug|Any CPU
		{D2FCD1EF-569C-44B9-9BF6-5C01E5F61435}.Debug|Any CPU.Build.0 = Debug|Any CPU
		{D2FCD1EF-569C-44B9-9BF6-5C01E5F61435}.Release|Any CPU.ActiveCfg = Release|Any CPU
		{D2FCD1EF-569C-44B9-9BF6-5C01E5F61435}.Release|Any CPU.Build.0 = Release|Any CPU
	EndGlobalSection
	GlobalSection(SolutionProperties) = preSolution
		HideSolutionNode = FALSE
	EndGlobalSection
	GlobalSection(ExtensibilityGlobals) = postSolution
		SolutionGuid = {6DA9514F-A17B-4A7D-9CFD-5C079D457B56}
	EndGlobalSection
EndGlobal
